// !$*UTF8*$!
{
	archiveVersion = 1;
	classes = {
	};
	objectVersion = 55;
	objects = {

/* Begin PBXBuildFile section */
		3623C3E527AB13CB001B41A8 /* AppDelegate.swift in Sources */ = {isa = PBXBuildFile; fileRef = 3623C3E427AB13CB001B41A8 /* AppDelegate.swift */; };
		3623C3E727AB13CB001B41A8 /* SceneDelegate.swift in Sources */ = {isa = PBXBuildFile; fileRef = 3623C3E627AB13CB001B41A8 /* SceneDelegate.swift */; };
		3623C3E927AB13CB001B41A8 /* ViewController.swift in Sources */ = {isa = PBXBuildFile; fileRef = 3623C3E827AB13CB001B41A8 /* ViewController.swift */; };
		3623C3EC27AB13CB001B41A8 /* Main.storyboard in Resources */ = {isa = PBXBuildFile; fileRef = 3623C3EA27AB13CB001B41A8 /* Main.storyboard */; };
		3623C3EE27AB13CD001B41A8 /* Assets.xcassets in Resources */ = {isa = PBXBuildFile; fileRef = 3623C3ED27AB13CD001B41A8 /* Assets.xcassets */; };
		3623C3F127AB13CD001B41A8 /* LaunchScreen.storyboard in Resources */ = {isa = PBXBuildFile; fileRef = 3623C3EF27AB13CD001B41A8 /* LaunchScreen.storyboard */; };
		3623C3F927AB33CE001B41A8 /* Test1ViewController.swift in Sources */ = {isa = PBXBuildFile; fileRef = 3623C3F827AB33CE001B41A8 /* Test1ViewController.swift */; };
		3623C3FB27AD896C001B41A8 /* Test2ViewController.swift in Sources */ = {isa = PBXBuildFile; fileRef = 3623C3FA27AD896C001B41A8 /* Test2ViewController.swift */; };
		3623C3FD27ADB794001B41A8 /* PalettesCollectionViewCell.swift in Sources */ = {isa = PBXBuildFile; fileRef = 3623C3FC27ADB794001B41A8 /* PalettesCollectionViewCell.swift */; };
		3623C3FF27ADEADE001B41A8 /* Color.swift in Sources */ = {isa = PBXBuildFile; fileRef = 3623C3FE27ADEADE001B41A8 /* Color.swift */; };
		3623C40127ADF7B3001B41A8 /* PalettesTableViewCell.swift in Sources */ = {isa = PBXBuildFile; fileRef = 3623C40027ADF7B3001B41A8 /* PalettesTableViewCell.swift */; };
/* End PBXBuildFile section */

/* Begin PBXFileReference section */
		3623C3E127AB13CB001B41A8 /* DesignReferences.app */ = {isa = PBXFileReference; explicitFileType = wrapper.application; includeInIndex = 0; path = DesignReferences.app; sourceTree = BUILT_PRODUCTS_DIR; };
		3623C3E427AB13CB001B41A8 /* AppDelegate.swift */ = {isa = PBXFileReference; lastKnownFileType = sourcecode.swift; path = AppDelegate.swift; sourceTree = "<group>"; };
		3623C3E627AB13CB001B41A8 /* SceneDelegate.swift */ = {isa = PBXFileReference; lastKnownFileType = sourcecode.swift; path = SceneDelegate.swift; sourceTree = "<group>"; };
		3623C3E827AB13CB001B41A8 /* ViewController.swift */ = {isa = PBXFileReference; lastKnownFileType = sourcecode.swift; path = ViewController.swift; sourceTree = "<group>"; };
		3623C3EB27AB13CB001B41A8 /* Base */ = {isa = PBXFileReference; lastKnownFileType = file.storyboard; name = Base; path = Base.lproj/Main.storyboard; sourceTree = "<group>"; };
		3623C3ED27AB13CD001B41A8 /* Assets.xcassets */ = {isa = PBXFileReference; lastKnownFileType = folder.assetcatalog; path = Assets.xcassets; sourceTree = "<group>"; };
		3623C3F027AB13CD001B41A8 /* Base */ = {isa = PBXFileReference; lastKnownFileType = file.storyboard; name = Base; path = Base.lproj/LaunchScreen.storyboard; sourceTree = "<group>"; };
		3623C3F227AB13CD001B41A8 /* Info.plist */ = {isa = PBXFileReference; lastKnownFileType = text.plist.xml; path = Info.plist; sourceTree = "<group>"; };
		3623C3F827AB33CE001B41A8 /* Test1ViewController.swift */ = {isa = PBXFileReference; lastKnownFileType = sourcecode.swift; path = Test1ViewController.swift; sourceTree = "<group>"; };
		3623C3FA27AD896C001B41A8 /* Test2ViewController.swift */ = {isa = PBXFileReference; lastKnownFileType = sourcecode.swift; path = Test2ViewController.swift; sourceTree = "<group>"; };
		3623C3FC27ADB794001B41A8 /* PalettesCollectionViewCell.swift */ = {isa = PBXFileReference; lastKnownFileType = sourcecode.swift; path = PalettesCollectionViewCell.swift; sourceTree = "<group>"; };
		3623C3FE27ADEADE001B41A8 /* Color.swift */ = {isa = PBXFileReference; lastKnownFileType = sourcecode.swift; path = Color.swift; sourceTree = "<group>"; };
		3623C40027ADF7B3001B41A8 /* PalettesTableViewCell.swift */ = {isa = PBXFileReference; lastKnownFileType = sourcecode.swift; path = PalettesTableViewCell.swift; sourceTree = "<group>"; };
/* End PBXFileReference section */

/* Begin PBXFrameworksBuildPhase section */
		3623C3DE27AB13CB001B41A8 /* Frameworks */ = {
			isa = PBXFrameworksBuildPhase;
			buildActionMask = 2147483647;
			files = (
			);
			runOnlyForDeploymentPostprocessing = 0;
		};
/* End PBXFrameworksBuildPhase section */

/* Begin PBXGroup section */
		3623C3D827AB13CB001B41A8 = {
			isa = PBXGroup;
			children = (
				3623C3E327AB13CB001B41A8 /* DesignReferences */,
				3623C3E227AB13CB001B41A8 /* Products */,
			);
			sourceTree = "<group>";
		};
		3623C3E227AB13CB001B41A8 /* Products */ = {
			isa = PBXGroup;
			children = (
				3623C3E127AB13CB001B41A8 /* DesignReferences.app */,
			);
			name = Products;
			sourceTree = "<group>";
		};
		3623C3E327AB13CB001B41A8 /* DesignReferences */ = {
			isa = PBXGroup;
			children = (
				3623C3E427AB13CB001B41A8 /* AppDelegate.swift */,
				3623C3E627AB13CB001B41A8 /* SceneDelegate.swift */,
				3623C3E827AB13CB001B41A8 /* ViewController.swift */,
				3623C3F827AB33CE001B41A8 /* Test1ViewController.swift */,
				3623C3FA27AD896C001B41A8 /* Test2ViewController.swift */,
				3623C3FE27ADEADE001B41A8 /* Color.swift */,
				3623C40027ADF7B3001B41A8 /* PalettesTableViewCell.swift */,
				3623C3FC27ADB794001B41A8 /* PalettesCollectionViewCell.swift */,
				3623C3EA27AB13CB001B41A8 /* Main.storyboard */,
				3623C3ED27AB13CD001B41A8 /* Assets.xcassets */,
				3623C3EF27AB13CD001B41A8 /* LaunchScreen.storyboard */,
				3623C3F227AB13CD001B41A8 /* Info.plist */,
			);
			path = DesignReferences;
			sourceTree = "<group>";
		};
/* End PBXGroup section */

/* Begin PBXNativeTarget section */
		3623C3E027AB13CB001B41A8 /* DesignReferences */ = {
			isa = PBXNativeTarget;
			buildConfigurationList = 3623C3F527AB13CD001B41A8 /* Build configuration list for PBXNativeTarget "DesignReferences" */;
			buildPhases = (
				3623C3DD27AB13CB001B41A8 /* Sources */,
				3623C3DE27AB13CB001B41A8 /* Frameworks */,
				3623C3DF27AB13CB001B41A8 /* Resources */,
			);
			buildRules = (
			);
			dependencies = (
			);
			name = DesignReferences;
			productName = DesignReferences;
			productReference = 3623C3E127AB13CB001B41A8 /* DesignReferences.app */;
			productType = "com.apple.product-type.application";
		};
/* End PBXNativeTarget section */

/* Begin PBXProject section */
		3623C3D927AB13CB001B41A8 /* Project object */ = {
			isa = PBXProject;
			attributes = {
				BuildIndependentTargetsInParallel = 1;
				LastSwiftUpdateCheck = 1320;
				LastUpgradeCheck = 1320;
				TargetAttributes = {
					3623C3E027AB13CB001B41A8 = {
						CreatedOnToolsVersion = 13.2.1;
					};
				};
			};
			buildConfigurationList = 3623C3DC27AB13CB001B41A8 /* Build configuration list for PBXProject "DesignReferences" */;
			compatibilityVersion = "Xcode 13.0";
			developmentRegion = en;
			hasScannedForEncodings = 0;
			knownRegions = (
				en,
				Base,
			);
			mainGroup = 3623C3D827AB13CB001B41A8;
			productRefGroup = 3623C3E227AB13CB001B41A8 /* Products */;
			projectDirPath = "";
			projectRoot = "";
			targets = (
				3623C3E027AB13CB001B41A8 /* DesignReferences */,
			);
		};
/* End PBXProject section */

/* Begin PBXResourcesBuildPhase section */
		3623C3DF27AB13CB001B41A8 /* Resources */ = {
			isa = PBXResourcesBuildPhase;
			buildActionMask = 2147483647;
			files = (
				3623C3F127AB13CD001B41A8 /* LaunchScreen.storyboard in Resources */,
				3623C3EE27AB13CD001B41A8 /* Assets.xcassets in Resources */,
				3623C3EC27AB13CB001B41A8 /* Main.storyboard in Resources */,
			);
			runOnlyForDeploymentPostprocessing = 0;
		};
/* End PBXResourcesBuildPhase section */

/* Begin PBXSourcesBuildPhase section */
		3623C3DD27AB13CB001B41A8 /* Sources */ = {
			isa = PBXSourcesBuildPhase;
			buildActionMask = 2147483647;
			files = (
				3623C3FB27AD896C001B41A8 /* Test2ViewController.swift in Sources */,
				3623C3FD27ADB794001B41A8 /* PalettesCollectionViewCell.swift in Sources */,
				3623C3FF27ADEADE001B41A8 /* Color.swift in Sources */,
				3623C40127ADF7B3001B41A8 /* PalettesTableViewCell.swift in Sources */,
				3623C3F927AB33CE001B41A8 /* Test1ViewController.swift in Sources */,
				3623C3E927AB13CB001B41A8 /* ViewController.swift in Sources */,
				3623C3E527AB13CB001B41A8 /* AppDelegate.swift in Sources */,
				3623C3E727AB13CB001B41A8 /* SceneDelegate.swift in Sources */,
			);
			runOnlyForDeploymentPostprocessing = 0;
		};
/* End PBXSourcesBuildPhase section */

/* Begin PBXVariantGroup section */
		3623C3EA27AB13CB001B41A8 /* Main.storyboard */ = {
			isa = PBXVariantGroup;
			children = (
				3623C3EB27AB13CB001B41A8 /* Base */,
			);
			name = Main.storyboard;
			sourceTree = "<group>";
		};
		3623C3EF27AB13CD001B41A8 /* LaunchScreen.storyboard */ = {
			isa = PBXVariantGroup;
			children = (
				3623C3F027AB13CD001B41A8 /* Base */,
			);
			name = LaunchScreen.storyboard;
			sourceTree = "<group>";
		};
/* End PBXVariantGroup section */

/* Begin XCBuildConfiguration section */
		3623C3F327AB13CD001B41A8 /* Debug */ = {
			isa = XCBuildConfiguration;
			buildSettings = {
				ALWAYS_SEARCH_USER_PATHS = NO;
				CLANG_ANALYZER_NONNULL = YES;
				CLANG_ANALYZER_NUMBER_OBJECT_CONVERSION = YES_AGGRESSIVE;
				CLANG_CXX_LANGUAGE_STANDARD = "gnu++17";
				CLANG_CXX_LIBRARY = "libc++";
				CLANG_ENABLE_MODULES = YES;
				CLANG_ENABLE_OBJC_ARC = YES;
				CLANG_ENABLE_OBJC_WEAK = YES;
				CLANG_WARN_BLOCK_CAPTURE_AUTORELEASING = YES;
				CLANG_WARN_BOOL_CONVERSION = YES;
				CLANG_WARN_COMMA = YES;
				CLANG_WARN_CONSTANT_CONVERSION = YES;
				CLANG_WARN_DEPRECATED_OBJC_IMPLEMENTATIONS = YES;
				CLANG_WARN_DIRECT_OBJC_ISA_USAGE = YES_ERROR;
				CLANG_WARN_DOCUMENTATION_COMMENTS = YES;
				CLANG_WARN_EMPTY_BODY = YES;
				CLANG_WARN_ENUM_CONVERSION = YES;
				CLANG_WARN_INFINITE_RECURSION = YES;
				CLANG_WARN_INT_CONVERSION = YES;
				CLANG_WARN_NON_LITERAL_NULL_CONVERSION = YES;
				CLANG_WARN_OBJC_IMPLICIT_RETAIN_SELF = YES;
				CLANG_WARN_OBJC_LITERAL_CONVERSION = YES;
				CLANG_WARN_OBJC_ROOT_CLASS = YES_ERROR;
				CLANG_WARN_QUOTED_INCLUDE_IN_FRAMEWORK_HEADER = YES;
				CLANG_WARN_RANGE_LOOP_ANALYSIS = YES;
				CLANG_WARN_STRICT_PROTOTYPES = YES;
				CLANG_WARN_SUSPICIOUS_MOVE = YES;
				CLANG_WARN_UNGUARDED_AVAILABILITY = YES_AGGRESSIVE;
				CLANG_WARN_UNREACHABLE_CODE = YES;
				CLANG_WARN__DUPLICATE_METHOD_MATCH = YES;
				COPY_PHASE_STRIP = NO;
				DEBUG_INFORMATION_FORMAT = dwarf;
				ENABLE_STRICT_OBJC_MSGSEND = YES;
				ENABLE_TESTABILITY = YES;
				GCC_C_LANGUAGE_STANDARD = gnu11;
				GCC_DYNAMIC_NO_PIC = NO;
				GCC_NO_COMMON_BLOCKS = YES;
				GCC_OPTIMIZATION_LEVEL = 0;
				GCC_PREPROCESSOR_DEFINITIONS = (
					"DEBUG=1",
					"$(inherited)",
				);
				GCC_WARN_64_TO_32_BIT_CONVERSION = YES;
				GCC_WARN_ABOUT_RETURN_TYPE = YES_ERROR;
				GCC_WARN_UNDECLARED_SELECTOR = YES;
				GCC_WARN_UNINITIALIZED_AUTOS = YES_AGGRESSIVE;
				GCC_WARN_UNUSED_FUNCTION = YES;
				GCC_WARN_UNUSED_VARIABLE = YES;
				IPHONEOS_DEPLOYMENT_TARGET = 15.2;
				MTL_ENABLE_DEBUG_INFO = INCLUDE_SOURCE;
				MTL_FAST_MATH = YES;
				ONLY_ACTIVE_ARCH = YES;
				SDKROOT = iphoneos;
				SWIFT_ACTIVE_COMPILATION_CONDITIONS = DEBUG;
				SWIFT_OPTIMIZATION_LEVEL = "-Onone";
			};
			name = Debug;
		};
		3623C3F427AB13CD001B41A8 /* Release */ = {
			isa = XCBuildConfiguration;
			buildSettings = {
				ALWAYS_SEARCH_USER_PATHS = NO;
				CLANG_ANALYZER_NONNULL = YES;
				CLANG_ANALYZER_NUMBER_OBJECT_CONVERSION = YES_AGGRESSIVE;
				CLANG_CXX_LANGUAGE_STANDARD = "gnu++17";
				CLANG_CXX_LIBRARY = "libc++";
				CLANG_ENABLE_MODULES = YES;
				CLANG_ENABLE_OBJC_ARC = YES;
				CLANG_ENABLE_OBJC_WEAK = YES;
				CLANG_WARN_BLOCK_CAPTURE_AUTORELEASING = YES;
				CLANG_WARN_BOOL_CONVERSION = YES;
				CLANG_WARN_COMMA = YES;
				CLANG_WARN_CONSTANT_CONVERSION = YES;
				CLANG_WARN_DEPRECATED_OBJC_IMPLEMENTATIONS = YES;
				CLANG_WARN_DIRECT_OBJC_ISA_USAGE = YES_ERROR;
				CLANG_WARN_DOCUMENTATION_COMMENTS = YES;
				CLANG_WARN_EMPTY_BODY = YES;
				CLANG_WARN_ENUM_CONVERSION = YES;
				CLANG_WARN_INFINITE_RECURSION = YES;
				CLANG_WARN_INT_CONVERSION = YES;
				CLANG_WARN_NON_LITERAL_NULL_CONVERSION = YES;
				CLANG_WARN_OBJC_IMPLICIT_RETAIN_SELF = YES;
				CLANG_WARN_OBJC_LITERAL_CONVERSION = YES;
				CLANG_WARN_OBJC_ROOT_CLASS = YES_ERROR;
				CLANG_WARN_QUOTED_INCLUDE_IN_FRAMEWORK_HEADER = YES;
				CLANG_WARN_RANGE_LOOP_ANALYSIS = YES;
				CLANG_WARN_STRICT_PROTOTYPES = YES;
				CLANG_WARN_SUSPICIOUS_MOVE = YES;
				CLANG_WARN_UNGUARDED_AVAILABILITY = YES_AGGRESSIVE;
				CLANG_WARN_UNREACHABLE_CODE = YES;
				CLANG_WARN__DUPLICATE_METHOD_MATCH = YES;
				COPY_PHASE_STRIP = NO;
				DEBUG_INFORMATION_FORMAT = "dwarf-with-dsym";
				ENABLE_NS_ASSERTIONS = NO;
				ENABLE_STRICT_OBJC_MSGSEND = YES;
				GCC_C_LANGUAGE_STANDARD = gnu11;
				GCC_NO_COMMON_BLOCKS = YES;
				GCC_WARN_64_TO_32_BIT_CONVERSION = YES;
				GCC_WARN_ABOUT_RETURN_TYPE = YES_ERROR;
				GCC_WARN_UNDECLARED_SELECTOR = YES;
				GCC_WARN_UNINITIALIZED_AUTOS = YES_AGGRESSIVE;
				GCC_WARN_UNUSED_FUNCTION = YES;
				GCC_WARN_UNUSED_VARIABLE = YES;
				IPHONEOS_DEPLOYMENT_TARGET = 15.2;
				MTL_ENABLE_DEBUG_INFO = NO;
				MTL_FAST_MATH = YES;
				SDKROOT = iphoneos;
				SWIFT_COMPILATION_MODE = wholemodule;
				SWIFT_OPTIMIZATION_LEVEL = "-O";
				VALIDATE_PRODUCT = YES;
			};
			name = Release;
		};
		3623C3F627AB13CD001B41A8 /* Debug */ = {
			isa = XCBuildConfiguration;
			buildSettings = {
				ASSETCATALOG_COMPILER_APPICON_NAME = AppIcon;
				ASSETCATALOG_COMPILER_GLOBAL_ACCENT_COLOR_NAME = AccentColor;
				CODE_SIGN_STYLE = Automatic;
				CURRENT_PROJECT_VERSION = 1;
				DEVELOPMENT_TEAM = NVD3KCTSYZ;
				GENERATE_INFOPLIST_FILE = YES;
				INFOPLIST_FILE = DesignReferences/Info.plist;
				INFOPLIST_KEY_UIApplicationSupportsIndirectInputEvents = YES;
				INFOPLIST_KEY_UILaunchStoryboardName = LaunchScreen;
				INFOPLIST_KEY_UIMainStoryboardFile = Main;
				INFOPLIST_KEY_UISupportedInterfaceOrientations_iPad = "UIInterfaceOrientationPortrait UIInterfaceOrientationPortraitUpsideDown UIInterfaceOrientationLandscapeLeft UIInterfaceOrientationLandscapeRight";
				INFOPLIST_KEY_UISupportedInterfaceOrientations_iPhone = "UIInterfaceOrientationPortrait UIInterfaceOrientationLandscapeLeft UIInterfaceOrientationLandscapeRight";
				LD_RUNPATH_SEARCH_PATHS = (
					"$(inherited)",
					"@executable_path/Frameworks",
				);
				MARKETING_VERSION = 1.0;
				PRODUCT_BUNDLE_IDENTIFIER = Lily.DesignReferences;
				PRODUCT_NAME = "$(TARGET_NAME)";
				SWIFT_EMIT_LOC_STRINGS = YES;
				SWIFT_VERSION = 5.0;
				TARGETED_DEVICE_FAMILY = "1,2";
			};
			name = Debug;
		};
		3623C3F727AB13CD001B41A8 /* Release */ = {
			isa = XCBuildConfiguration;
			buildSettings = {
				ASSETCATALOG_COMPILER_APPICON_NAME = AppIcon;
				ASSETCATALOG_COMPILER_GLOBAL_ACCENT_COLOR_NAME = AccentColor;
				CODE_SIGN_STYLE = Automatic;
				CURRENT_PROJECT_VERSION = 1;
				DEVELOPMENT_TEAM = NVD3KCTSYZ;
				GENERATE_INFOPLIST_FILE = YES;
				INFOPLIST_FILE = DesignReferences/Info.plist;
				INFOPLIST_KEY_UIApplicationSupportsIndirectInputEvents = YES;
				INFOPLIST_KEY_UILaunchStoryboardName = LaunchScreen;
				INFOPLIST_KEY_UIMainStoryboardFile = Main;
				INFOPLIST_KEY_UISupportedInterfaceOrientations_iPad = "UIInterfaceOrientationPortrait UIInterfaceOrientationPortraitUpsideDown UIInterfaceOrientationLandscapeLeft UIInterfaceOrientationLandscapeRight";
				INFOPLIST_KEY_UISupportedInterfaceOrientations_iPhone = "UIInterfaceOrientationPortrait UIInterfaceOrientationLandscapeLeft UIInterfaceOrientationLandscapeRight";
				LD_RUNPATH_SEARCH_PATHS = (
					"$(inherited)",
					"@executable_path/Frameworks",
				);
				MARKETING_VERSION = 1.0;
				PRODUCT_BUNDLE_IDENTIFIER = Lily.DesignReferences;
				PRODUCT_NAME = "$(TARGET_NAME)";
				SWIFT_EMIT_LOC_STRINGS = YES;
				SWIFT_VERSION = 5.0;
				TARGETED_DEVICE_FAMILY = "1,2";
			};
			name = Release;
		};
/* End XCBuildConfiguration section */

/* Begin XCConfigurationList section */
		3623C3DC27AB13CB001B41A8 /* Build configuration list for PBXProject "DesignReferences" */ = {
			isa = XCConfigurationList;
			buildConfigurations = (
				3623C3F327AB13CD001B41A8 /* Debug */,
				3623C3F427AB13CD001B41A8 /* Release */,
			);
			defaultConfigurationIsVisible = 0;
			defaultConfigurationName = Release;
		};
		3623C3F527AB13CD001B41A8 /* Build configuration list for PBXNativeTarget "DesignReferences" */ = {
			isa = XCConfigurationList;
			buildConfigurations = (
				3623C3F627AB13CD001B41A8 /* Debug */,
				3623C3F727AB13CD001B41A8 /* Release */,
			);
			defaultConfigurationIsVisible = 0;
			defaultConfigurationName = Release;
		};
/* End XCConfigurationList section */
	};
	rootObject = 3623C3D927AB13CB001B41A8 /* Project object */;
}
